
Microsoft Visual Studio Solution File, Format Version 12.00
# Visual Studio Version 17
VisualStudioVersion = 17.7.34024.191
MinimumVisualStudioVersion = 10.0.40219.1
Project("{FAE04EC0-301F-11D3-BF4B-00C04F79EFBC}") = "thelastrook", "thelastrook.csproj", "{7168C923-6085-4ECD-B4C0-3364455227FD}"
EndProject
Global
	GlobalSection(SolutionConfigurationPlatforms) = preSolution
		Debug|Any CPU = Debug|Any CPU
		ExportDebug|Any CPU = ExportDebug|Any CPU
		ExportRelease|Any CPU = ExportRelease|Any CPU
	EndGlobalSection
	GlobalSection(ProjectConfigurationPlatforms) = postSolution
		{7168C923-6085-4ECD-B4C0-3364455227FD}.Debug|Any CPU.ActiveCfg = Debug|Any CPU
		{7168C923-6085-4ECD-B4C0-3364455227FD}.Debug|Any CPU.Build.0 = Debug|Any CPU
		{7168C923-6085-4ECD-B4C0-3364455227FD}.ExportDebug|Any CPU.ActiveCfg = ExportDebug|Any CPU
		{7168C923-6085-4ECD-B4C0-3364455227FD}.ExportDebug|Any CPU.Build.0 = ExportDebug|Any CPU
		{7168C923-6085-4ECD-B4C0-3364455227FD}.ExportRelease|Any CPU.ActiveCfg = ExportRelease|Any CPU
		{7168C923-6085-4ECD-B4C0-3364455227FD}.ExportRelease|Any CPU.Build.0 = ExportRelease|Any CPU
	EndGlobalSection
	GlobalSection(SolutionProperties) = preSolution
		HideSolutionNode = FALSE
	EndGlobalSection
	GlobalSection(ExtensibilityGlobals) = postSolution
		SolutionGuid = {638D7C51-1700-4E8C-884F-BCCD2C956E6A}
	EndGlobalSection
EndGlobal
